
Microsoft Visual Studio Solution File, Format Version 12.00
# Visual Studio Version 17
VisualStudioVersion = 17.8.34330.188
MinimumVisualStudioVersion = 10.0.40219.1
Project("{FAE04EC0-301F-11D3-BF4B-00C04F79EFBC}") = "Session4", "Session4\Session4.csproj", "{E154302B-5FB4-4EFD-8982-F751FF3FEC9D}"
EndProject
Global
	GlobalSection(SolutionConfigurationPlatforms) = preSolution
		Debug|Any CPU = Debug|Any CPU
		Release|Any CPU = Release|Any CPU
	EndGlobalSection
	GlobalSection(ProjectConfigurationPlatforms) = postSolution
		{E154302B-5FB4-4EFD-8982-F751FF3FEC9D}.Debug|Any CPU.ActiveCfg = Debug|Any CPU
		{E154302B-5FB4-4EFD-8982-F751FF3FEC9D}.Debug|Any CPU.Build.0 = Debug|Any CPU
		{E154302B-5FB4-4EFD-8982-F751FF3FEC9D}.Release|Any CPU.ActiveCfg = Release|Any CPU
		{E154302B-5FB4-4EFD-8982-F751FF3FEC9D}.Release|Any CPU.Build.0 = Release|Any CPU
	EndGlobalSection
	GlobalSection(SolutionProperties) = preSolution
		HideSolutionNode = FALSE
	EndGlobalSection
	GlobalSection(ExtensibilityGlobals) = postSolution
		SolutionGuid = {2A33626B-CC29-4C8E-83A9-ADA81EC1E937}
	EndGlobalSection
EndGlobal
